
Microsoft Visual Studio Solution File, Format Version 12.00
# Visual Studio Version 16
VisualStudioVersion = 16.0.30804.86
MinimumVisualStudioVersion = 10.0.40219.1
Project("{FAE04EC0-301F-11D3-BF4B-00C04F79EFBC}") = "DiscordBot", "DiscordBot\DiscordBot.csproj", "{EB9FD22C-425F-4276-90F4-90F82DE1FBFD}"
EndProject
Global
	GlobalSection(SolutionConfigurationPlatforms) = preSolution
		Debug|Any CPU = Debug|Any CPU
		Release|Any CPU = Release|Any CPU
	EndGlobalSection
	GlobalSection(ProjectConfigurationPlatforms) = postSolution
		{EB9FD22C-425F-4276-90F4-90F82DE1FBFD}.Debug|Any CPU.ActiveCfg = Debug|Any CPU
		{EB9FD22C-425F-4276-90F4-90F82DE1FBFD}.Debug|Any CPU.Build.0 = Debug|Any CPU
		{EB9FD22C-425F-4276-90F4-90F82DE1FBFD}.Release|Any CPU.ActiveCfg = Release|Any CPU
		{EB9FD22C-425F-4276-90F4-90F82DE1FBFD}.Release|Any CPU.Build.0 = Release|Any CPU
	EndGlobalSection
	GlobalSection(SolutionProperties) = preSolution
		HideSolutionNode = FALSE
	EndGlobalSection
	GlobalSection(ExtensibilityGlobals) = postSolution
		SolutionGuid = {D31A2A5B-483C-48D0-8BDD-5528AF64134A}
	EndGlobalSection
EndGlobal
